
Microsoft Visual Studio Solution File, Format Version 12.00
# Visual Studio Version 16
VisualStudioVersion = 16.0.32802.440
MinimumVisualStudioVersion = 10.0.40219.1
Project("{FAE04EC0-301F-11D3-BF4B-00C04F79EFBC}") = "ConsoleApp1", "ConsoleApp1\ConsoleApp1.csproj", "{D6E30733-37F0-430B-9CBA-2EC44FE62D9A}"
EndProject
Global
	GlobalSection(SolutionConfigurationPlatforms) = preSolution
		Debug|Any CPU = Debug|Any CPU
		Release|Any CPU = Release|Any CPU
	EndGlobalSection
	GlobalSection(ProjectConfigurationPlatforms) = postSolution
		{D6E30733-37F0-430B-9CBA-2EC44FE62D9A}.Debug|Any CPU.ActiveCfg = Debug|Any CPU
		{D6E30733-37F0-430B-9CBA-2EC44FE62D9A}.Debug|Any CPU.Build.0 = Debug|Any CPU
		{D6E30733-37F0-430B-9CBA-2EC44FE62D9A}.Release|Any CPU.ActiveCfg = Release|Any CPU
		{D6E30733-37F0-430B-9CBA-2EC44FE62D9A}.Release|Any CPU.Build.0 = Release|Any CPU
	EndGlobalSection
	GlobalSection(SolutionProperties) = preSolution
		HideSolutionNode = FALSE
	EndGlobalSection
	GlobalSection(ExtensibilityGlobals) = postSolution
		SolutionGuid = {ECB44B6F-5C01-46F9-8A09-3E96F2781134}
	EndGlobalSection
EndGlobal
